
Microsoft Visual Studio Solution File, Format Version 12.00
# Visual Studio Version 16
VisualStudioVersion = 16.0.34031.81
MinimumVisualStudioVersion = 10.0.40219.1
Project("{FAE04EC0-301F-11D3-BF4B-00C04F79EFBC}") = "MvcProjectCamp", "MvcProjeKampi\MvcProjectCamp.csproj", "{5491717A-55C7-41CA-BD2F-0832CF58756D}"
EndProject
Project("{FAE04EC0-301F-11D3-BF4B-00C04F79EFBC}") = "EntityLayer", "EntityLayer\EntityLayer.csproj", "{93AC74D8-A4A6-49B1-B514-28F7F244C1BA}"
EndProject
Project("{FAE04EC0-301F-11D3-BF4B-00C04F79EFBC}") = "DataAccessLayer", "DataAccessLayer\DataAccessLayer.csproj", "{842CC8E3-F604-4C3E-A52B-D14A1BBA57E6}"
EndProject
Project("{FAE04EC0-301F-11D3-BF4B-00C04F79EFBC}") = "BusinessLayer", "BusinessLayer\BusinessLayer.csproj", "{CD19B53A-C6EA-44DF-BF83-EB414D7E505A}"
EndProject
Global
	GlobalSection(SolutionConfigurationPlatforms) = preSolution
		Debug|Any CPU = Debug|Any CPU
		Release|Any CPU = Release|Any CPU
	EndGlobalSection
	GlobalSection(ProjectConfigurationPlatforms) = postSolution
		{5491717A-55C7-41CA-BD2F-0832CF58756D}.Debug|Any CPU.ActiveCfg = Debug|Any CPU
		{5491717A-55C7-41CA-BD2F-0832CF58756D}.Debug|Any CPU.Build.0 = Debug|Any CPU
		{5491717A-55C7-41CA-BD2F-0832CF58756D}.Release|Any CPU.ActiveCfg = Release|Any CPU
		{5491717A-55C7-41CA-BD2F-0832CF58756D}.Release|Any CPU.Build.0 = Release|Any CPU
		{93AC74D8-A4A6-49B1-B514-28F7F244C1BA}.Debug|Any CPU.ActiveCfg = Debug|Any CPU
		{93AC74D8-A4A6-49B1-B514-28F7F244C1BA}.Debug|Any CPU.Build.0 = Debug|Any CPU
		{93AC74D8-A4A6-49B1-B514-28F7F244C1BA}.Release|Any CPU.ActiveCfg = Release|Any CPU
		{93AC74D8-A4A6-49B1-B514-28F7F244C1BA}.Release|Any CPU.Build.0 = Release|Any CPU
		{842CC8E3-F604-4C3E-A52B-D14A1BBA57E6}.Debug|Any CPU.ActiveCfg = Debug|Any CPU
		{842CC8E3-F604-4C3E-A52B-D14A1BBA57E6}.Debug|Any CPU.Build.0 = Debug|Any CPU
		{842CC8E3-F604-4C3E-A52B-D14A1BBA57E6}.Release|Any CPU.ActiveCfg = Release|Any CPU
		{842CC8E3-F604-4C3E-A52B-D14A1BBA57E6}.Release|Any CPU.Build.0 = Release|Any CPU
		{CD19B53A-C6EA-44DF-BF83-EB414D7E505A}.Debug|Any CPU.ActiveCfg = Debug|Any CPU
		{CD19B53A-C6EA-44DF-BF83-EB414D7E505A}.Debug|Any CPU.Build.0 = Debug|Any CPU
		{CD19B53A-C6EA-44DF-BF83-EB414D7E505A}.Release|Any CPU.ActiveCfg = Release|Any CPU
		{CD19B53A-C6EA-44DF-BF83-EB414D7E505A}.Release|Any CPU.Build.0 = Release|Any CPU
	EndGlobalSection
	GlobalSection(SolutionProperties) = preSolution
		HideSolutionNode = FALSE
	EndGlobalSection
	GlobalSection(ExtensibilityGlobals) = postSolution
		SolutionGuid = {203033A4-4C43-4C45-A304-2F971DF1516A}
	EndGlobalSection
EndGlobal
